{
  "object": {
    "pins": [
      {
        "package": "Commander",
        "repositoryURL": "https://github.com/kylef/Commander.git",
        "state": {
          "branch": null,
          "revision": "dc97e80a1cf5df6c5768528f039c65ad8c564712",
          "version": "0.9.0"
        }
      },
      {
        "package": "Spectre",
        "repositoryURL": "https://github.com/kylef/Spectre.git",
        "state": {
          "branch": null,
          "revision": "f14ff47f45642aa5703900980b014c2e9394b6e5",
          "version": "0.9.0"
        }
      },
      {
        "package": "swift-log",
        "repositoryURL": "https://github.com/apple/swift-log",
        "state": {
          "branch": null,
          "revision": "e8aabbe95db22e064ad42f1a4a9f8982664c70ed",
          "version": "1.1.1"
        }
      },
      {
        "package": "swift-nio",
        "repositoryURL": "https://github.com/apple/swift-nio.git",
        "state": {
          "branch": null,
          "revision": "32760eae40e6b7cb81d4d543bb0a9f548356d9a2",
          "version": "2.7.1"
        }
      },
      {
        "package": "swift-nio-http2",
        "repositoryURL": "https://github.com/apple/swift-nio-http2.git",
        "state": {
          "branch": null,
          "revision": "86ce1dcd0df501401eb1a0d445dbd90aaad84a64",
          "version": "1.5.0"
        }
      },
      {
        "package": "swift-nio-ssl",
        "repositoryURL": "https://github.com/apple/swift-nio-ssl.git",
        "state": {
          "branch": null,
          "revision": "f5dd7a60ff56f501ff7bf9be753e4b1875bfaf20",
          "version": "2.4.0"
        }
      },
      {
        "package": "swift-nio-transport-services",
        "repositoryURL": "https://github.com/apple/swift-nio-transport-services.git",
        "state": {
          "branch": null,
          "revision": "6cba688855180e0ebf21f40d80987556986cfe03",
          "version": "1.1.1"
        }
      },
      {
        "package": "SwiftProtobuf",
        "repositoryURL": "https://github.com/apple/swift-protobuf.git",
        "state": {
          "branch": null,
          "revision": "3a3594f84b746793c84c2ab2f1e855aaa9d3a593",
          "version": "1.6.0"
        }
      }
    ]
  },
  "version": 1
}
