{
  "object": {
    "pins": [
      {
        "package": "BigInt",
        "repositoryURL": "https://github.com/attaswift/BigInt",
        "state": {
          "branch": null,
          "revision": "0ed110f7555c34ff468e72e1686e59721f2b0da6",
          "version": "5.3.0"
        }
      },
      {
        "package": "CryptoSwift",
        "repositoryURL": "https://github.com/krzyzanowskim/CryptoSwift.git",
        "state": {
          "branch": null,
          "revision": "af1b58fc569bfde777462349b9f7314b61762be0",
          "version": "1.3.2"
        }
      },
      {
        "package": "Auth",
        "repositoryURL": "https://github.com/googleapis/google-auth-library-swift.git",
        "state": {
          "branch": null,
          "revision": "4b510d91fc74f1415eae6dabc9836b8c3e1f44f6",
          "version": "0.5.3"
        }
      },
      {
        "package": "grpc-swift",
        "repositoryURL": "/Users/filipw/Documents/dev/grpc-swift",
        "state": {
          "branch": "HEAD",
          "revision": "6cab35e471cd8e35df5ef913c749527369f67553",
          "version": null
        }
      },
      {
        "package": "swift-atomics",
        "repositoryURL": "https://github.com/apple/swift-atomics.git",
        "state": {
          "branch": null,
          "revision": "919eb1d83e02121cdb434c7bfc1f0c66ef17febe",
          "version": "1.0.2"
        }
      },
      {
        "package": "swift-log",
        "repositoryURL": "https://github.com/apple/swift-log",
        "state": {
          "branch": null,
          "revision": "6fe203dc33195667ce1759bf0182975e4653ba1c",
          "version": "1.4.4"
        }
      },
      {
        "package": "swift-nio",
        "repositoryURL": "https://github.com/apple/swift-nio.git",
        "state": {
          "branch": null,
          "revision": "b4e0a274f7f34210e97e2f2c50ab02a10b549250",
          "version": "2.41.1"
        }
      },
      {
        "package": "swift-nio-extras",
        "repositoryURL": "https://github.com/apple/swift-nio-extras.git",
        "state": {
          "branch": null,
          "revision": "6c84d247754ad77487a6f0694273b89b83efd056",
          "version": "1.14.0"
        }
      },
      {
        "package": "swift-nio-http2",
        "repositoryURL": "https://github.com/apple/swift-nio-http2.git",
        "state": {
          "branch": null,
          "revision": "f9ab1c94c80d568efd762d2a638f25162691d766",
          "version": "1.22.1"
        }
      },
      {
        "package": "swift-nio-ssl",
        "repositoryURL": "https://github.com/apple/swift-nio-ssl.git",
        "state": {
          "branch": null,
          "revision": "ba7c0d7f82affc518147ea61d240330bf7f7ea9b",
          "version": "2.22.1"
        }
      },
      {
        "package": "swift-nio-transport-services",
        "repositoryURL": "https://github.com/apple/swift-nio-transport-services.git",
        "state": {
          "branch": null,
          "revision": "4e02d9cf35cabfb538c96613272fb027dd0c8692",
          "version": "1.13.1"
        }
      },
      {
        "package": "SwiftProtobuf",
        "repositoryURL": "https://github.com/apple/swift-protobuf.git",
        "state": {
          "branch": null,
          "revision": "b8230909dedc640294d7324d37f4c91ad3dcf177",
          "version": "1.20.1"
        }
      }
    ]
  },
  "version": 1
}
