PODS:
  - CGRPCZlib (1.0.0)
  - CNIOAtomics (2.26.0)
  - CNIOBoringSSL (2.10.3)
  - CNIOBoringSSLShims (2.10.3):
    - CNIOBoringSSL (= 2.10.3)
  - CNIODarwin (2.26.0)
  - CNIOHTTPParser (2.26.0)
  - CNIOLinux (2.26.0)
  - CNIOWindows (2.26.0)
  - gRPC-Swift (1.0.0):
    - CGRPCZlib (= 1.0.0)
    - Logging (< 2.0.0, >= 1.4.0)
    - SwiftNIO (< 3.0.0, >= 2.22.0)
    - SwiftNIOExtras (< 2.0.0, >= 1.4.0)
    - SwiftNIOHTTP2 (< 2.0.0, >= 1.16.1)
    - SwiftNIOSSL (< 3.0.0, >= 2.8.0)
    - SwiftNIOTransportServices (< 2.0.0, >= 1.6.0)
    - SwiftProtobuf (< 2.0.0, >= 1.9.0)
  - Logging (1.4.0)
  - SnapKit (5.0.1)
  - SwiftNIO (2.26.0):
    - CNIODarwin (= 2.26.0)
    - CNIOLinux (= 2.26.0)
    - CNIOWindows (= 2.26.0)
    - SwiftNIOConcurrencyHelpers (= 2.26.0)
  - SwiftNIOConcurrencyHelpers (2.26.0):
    - CNIOAtomics (= 2.26.0)
  - SwiftNIOExtras (1.8.0):
    - SwiftNIO (< 3, >= 2.9.0)
  - SwiftNIOFoundationCompat (2.26.0):
    - SwiftNIO (= 2.26.0)
  - SwiftNIOHPACK (1.16.3):
    - SwiftNIO (< 3, >= 2.18.0)
    - SwiftNIOConcurrencyHelpers (< 3, >= 2.18.0)
    - SwiftNIOHTTP1 (< 3, >= 2.18.0)
  - SwiftNIOHTTP1 (2.26.0):
    - CNIOHTTPParser (= 2.26.0)
    - SwiftNIO (= 2.26.0)
    - SwiftNIOConcurrencyHelpers (= 2.26.0)
  - SwiftNIOHTTP2 (1.16.3):
    - SwiftNIO (< 3, >= 2.18.0)
    - SwiftNIOConcurrencyHelpers (< 3, >= 2.18.0)
    - SwiftNIOHPACK (= 1.16.3)
    - SwiftNIOHTTP1 (< 3, >= 2.18.0)
    - SwiftNIOTLS (< 3, >= 2.18.0)
  - SwiftNIOSSL (2.10.3):
    - CNIOBoringSSL (= 2.10.3)
    - CNIOBoringSSLShims (= 2.10.3)
    - SwiftNIO (< 3, >= 2.15.0)
    - SwiftNIOConcurrencyHelpers (< 3, >= 2.15.0)
    - SwiftNIOTLS (< 3, >= 2.15.0)
  - SwiftNIOTLS (2.26.0):
    - SwiftNIO (= 2.26.0)
  - SwiftNIOTransportServices (1.9.2):
    - SwiftNIO (< 3, >= 2.19.0)
    - SwiftNIOConcurrencyHelpers (< 3, >= 2.19.0)
    - SwiftNIOFoundationCompat (< 3, >= 2.19.0)
    - SwiftNIOTLS (< 3, >= 2.19.0)
  - SwiftProtobuf (1.15.0)

DEPENDENCIES:
  - gRPC-Swift (= 1.0.0)
  - SnapKit

SPEC REPOS:
  trunk:
    - CGRPCZlib
    - CNIOAtomics
    - CNIOBoringSSL
    - CNIOBoringSSLShims
    - CNIODarwin
    - CNIOHTTPParser
    - CNIOLinux
    - CNIOWindows
    - gRPC-Swift
    - Logging
    - SnapKit
    - SwiftNIO
    - SwiftNIOConcurrencyHelpers
    - SwiftNIOExtras
    - SwiftNIOFoundationCompat
    - SwiftNIOHPACK
    - SwiftNIOHTTP1
    - SwiftNIOHTTP2
    - SwiftNIOSSL
    - SwiftNIOTLS
    - SwiftNIOTransportServices
    - SwiftProtobuf

SPEC CHECKSUMS:
  CGRPCZlib: b0c9d704a12fa667f1824ffff20688f191945989
  CNIOAtomics: 7599e2500f637f1e043047da52efd710d6020dd3
  CNIOBoringSSL: 8e20acf863216a6d7b75a56fe0567a36147d8ee0
  CNIOBoringSSLShims: 72cc9d43e6f5d8a137a2699eb08a0c67865c9797
  CNIODarwin: 68f6ff440e989ef43ca6eb3335f3e5484066fab7
  CNIOHTTPParser: 26678afdbc27f24d1a3498bf87413bfc3391fbc5
  CNIOLinux: 5fd92122d58b04508074371d95a1f874310fe8e3
  CNIOWindows: 0af55cf84c3811318aee91888737e0b124552029
  gRPC-Swift: 77154009a019e97f8c4bd8f2bb75fe9726801157
  Logging: beeb016c9c80cf77042d62e83495816847ef108b
  SnapKit: 97b92857e3df3a0c71833cce143274bf6ef8e5eb
  SwiftNIO: 1f309539cfe7ed42648f505a48c546e83a2f66c3
  SwiftNIOConcurrencyHelpers: ebbceb814afcd8b4fab86935855f6c8c77ae4285
  SwiftNIOExtras: aa561b71020cd6844f722cf4513fb176c577414d
  SwiftNIOFoundationCompat: 6869943bce8c6b777114d840f7d795178a7391ae
  SwiftNIOHPACK: 38e855a72ae0c5176485ddd039b3933b99daa2b7
  SwiftNIOHTTP1: 7f7aa111d51d09a97ef1fddb50855074e5e42778
  SwiftNIOHTTP2: de7eff9d32fd347338f85b86c6fd0e13c3fbd1a0
  SwiftNIOSSL: ac6e05adff65df9a3b518bbd27ff1f152fa82999
  SwiftNIOTLS: 0faded6aff802c423ddee27828850a8ea4a818d0
  SwiftNIOTransportServices: 896c9a4ac98698d32aa2feea7657ade219ae80bb
  SwiftProtobuf: 3320217e9d8fb75f36b40282e78c482640fd75dd

PODFILE CHECKSUM: 305feb672adb81dcf423236b654bbb028bd64d16

COCOAPODS: 1.10.1
