// !$*UTF8*$!
{
	archiveVersion = 1;
	classes = {
	};
	objectVersion = 46;
	objects = {

/* Begin PBXBuildFile section */
		D35358201E219963007FA223 /* echo.rpc.swift in Sources */ = {isa = PBXBuildFile; fileRef = D353581D1E219963007FA223 /* echo.rpc.swift */; };
		D35358211E219963007FA223 /* echo.pb.swift in Sources */ = {isa = PBXBuildFile; fileRef = D353581E1E219963007FA223 /* echo.pb.swift */; };
		D35358251E219980007FA223 /* EchoProvider.swift in Sources */ = {isa = PBXBuildFile; fileRef = D35358241E219980007FA223 /* EchoProvider.swift */; };
		D35C9FAC1D74B079000443CD /* AppDelegate.swift in Sources */ = {isa = PBXBuildFile; fileRef = D35C9FAB1D74B079000443CD /* AppDelegate.swift */; };
		D35C9FAE1D74B079000443CD /* Assets.xcassets in Resources */ = {isa = PBXBuildFile; fileRef = D35C9FAD1D74B079000443CD /* Assets.xcassets */; };
		D35C9FB11D74B079000443CD /* MainMenu.xib in Resources */ = {isa = PBXBuildFile; fileRef = D35C9FAF1D74B079000443CD /* MainMenu.xib */; };
		D35C9FC81D74B0C1000443CD /* EchoViewController.swift in Sources */ = {isa = PBXBuildFile; fileRef = D35C9FC71D74B0C1000443CD /* EchoViewController.swift */; };
		D36AB73D1F58DF10007D7184 /* BoringSSL.framework in Frameworks */ = {isa = PBXBuildFile; fileRef = D36AB7281F58DEDB007D7184 /* BoringSSL.framework */; };
		D36AB73E1F58DF10007D7184 /* CgRPC.framework in Frameworks */ = {isa = PBXBuildFile; fileRef = D36AB7261F58DEDB007D7184 /* CgRPC.framework */; };
		D36AB73F1F58DF10007D7184 /* Czlib.framework in Frameworks */ = {isa = PBXBuildFile; fileRef = D36AB7241F58DEDB007D7184 /* Czlib.framework */; };
		D36AB7401F58DF10007D7184 /* gRPC.framework in Frameworks */ = {isa = PBXBuildFile; fileRef = D36AB72A1F58DEDB007D7184 /* gRPC.framework */; };
		D36AB7411F58DF10007D7184 /* SwiftProtobuf.framework in Frameworks */ = {isa = PBXBuildFile; fileRef = D36AB7341F58DEDB007D7184 /* SwiftProtobuf.framework */; };
		D3971E211D89132E001A0B3F /* ssl.key in Resources */ = {isa = PBXBuildFile; fileRef = D3971E201D89132E001A0B3F /* ssl.key */; };
		D3BFE28C1D87A45D00A648D8 /* ssl.crt in Resources */ = {isa = PBXBuildFile; fileRef = D3BFE28B1D87A45D00A648D8 /* ssl.crt */; };
/* End PBXBuildFile section */

/* Begin PBXContainerItemProxy section */
		D315DEEB1EE8B29B007670CE /* PBXContainerItemProxy */ = {
			isa = PBXContainerItemProxy;
			containerPortal = D315DEDF1EE8B29A007670CE /* SwiftProtobuf.xcodeproj */;
			proxyType = 2;
			remoteGlobalIDString = "_____Product_ProtobufTestSuite_macOS";
			remoteInfo = SwiftProtobufTestSuite_macOS;
		};
		D315DEED1EE8B29B007670CE /* PBXContainerItemProxy */ = {
			isa = PBXContainerItemProxy;
			containerPortal = D315DEDF1EE8B29A007670CE /* SwiftProtobuf.xcodeproj */;
			proxyType = 2;
			remoteGlobalIDString = "_____Product_Protobuf_iOS";
			remoteInfo = SwiftProtobuf_iOS;
		};
		D315DEEF1EE8B29B007670CE /* PBXContainerItemProxy */ = {
			isa = PBXContainerItemProxy;
			containerPortal = D315DEDF1EE8B29A007670CE /* SwiftProtobuf.xcodeproj */;
			proxyType = 2;
			remoteGlobalIDString = "_____Product_ProtobufTestSuite_iOS";
			remoteInfo = SwiftProtobufTestSuite_iOS;
		};
		D315DEF11EE8B29B007670CE /* PBXContainerItemProxy */ = {
			isa = PBXContainerItemProxy;
			containerPortal = D315DEDF1EE8B29A007670CE /* SwiftProtobuf.xcodeproj */;
			proxyType = 2;
			remoteGlobalIDString = F44F936F1DAEA53900BC5B85;
			remoteInfo = SwiftProtobuf_tvOS;
		};
		D315DEF31EE8B29B007670CE /* PBXContainerItemProxy */ = {
			isa = PBXContainerItemProxy;
			containerPortal = D315DEDF1EE8B29A007670CE /* SwiftProtobuf.xcodeproj */;
			proxyType = 2;
			remoteGlobalIDString = F44F939F1DAEA7C500BC5B85;
			remoteInfo = SwiftProtobufTestSuite_tvOS;
		};
		D315DEF51EE8B29B007670CE /* PBXContainerItemProxy */ = {
			isa = PBXContainerItemProxy;
			containerPortal = D315DEDF1EE8B29A007670CE /* SwiftProtobuf.xcodeproj */;
			proxyType = 2;
			remoteGlobalIDString = F44F93FE1DAEB13F00BC5B85;
			remoteInfo = SwiftProtobuf_watchOS;
		};
		D315DEF71EE8B2C1007670CE /* PBXContainerItemProxy */ = {
			isa = PBXContainerItemProxy;
			containerPortal = D315DEDF1EE8B29A007670CE /* SwiftProtobuf.xcodeproj */;
			proxyType = 1;
			remoteGlobalIDString = "______Target_Protobuf";
			remoteInfo = SwiftProtobuf_macOS;
		};
		D36AB7331F58DEDB007D7184 /* PBXContainerItemProxy */ = {
			isa = PBXContainerItemProxy;
			containerPortal = D315DEDF1EE8B29A007670CE /* SwiftProtobuf.xcodeproj */;
			proxyType = 2;
			remoteGlobalIDString = "_____Product_Protobuf_macOS";
			remoteInfo = SwiftProtobuf_macOS;
		};
/* End PBXContainerItemProxy section */

/* Begin PBXFileReference section */
		D315DEDF1EE8B29A007670CE /* SwiftProtobuf.xcodeproj */ = {isa = PBXFileReference; lastKnownFileType = "wrapper.pb-project"; name = SwiftProtobuf.xcodeproj; path = "../../../third_party/swift-protobuf/SwiftProtobuf.xcodeproj"; sourceTree = "<group>"; };
		D353581D1E219963007FA223 /* echo.rpc.swift */ = {isa = PBXFileReference; fileEncoding = 4; lastKnownFileType = sourcecode.swift; name = echo.rpc.swift; path = ../Generated/echo.rpc.swift; sourceTree = "<group>"; };
		D353581E1E219963007FA223 /* echo.pb.swift */ = {isa = PBXFileReference; fileEncoding = 4; lastKnownFileType = sourcecode.swift; name = echo.pb.swift; path = ../Generated/echo.pb.swift; sourceTree = "<group>"; };
		D35358241E219980007FA223 /* EchoProvider.swift */ = {isa = PBXFileReference; fileEncoding = 4; lastKnownFileType = sourcecode.swift; name = EchoProvider.swift; path = ../EchoProvider.swift; sourceTree = "<group>"; };
		D35C9FA81D74B079000443CD /* Echo.app */ = {isa = PBXFileReference; explicitFileType = wrapper.application; includeInIndex = 0; path = Echo.app; sourceTree = BUILT_PRODUCTS_DIR; };
		D35C9FAB1D74B079000443CD /* AppDelegate.swift */ = {isa = PBXFileReference; lastKnownFileType = sourcecode.swift; path = AppDelegate.swift; sourceTree = "<group>"; };
		D35C9FAD1D74B079000443CD /* Assets.xcassets */ = {isa = PBXFileReference; lastKnownFileType = folder.assetcatalog; path = Assets.xcassets; sourceTree = "<group>"; };
		D35C9FB01D74B079000443CD /* Base */ = {isa = PBXFileReference; lastKnownFileType = file.xib; name = Base; path = Base.lproj/MainMenu.xib; sourceTree = "<group>"; };
		D35C9FB21D74B079000443CD /* Info.plist */ = {isa = PBXFileReference; lastKnownFileType = text.plist.xml; path = Info.plist; sourceTree = "<group>"; };
		D35C9FC71D74B0C1000443CD /* EchoViewController.swift */ = {isa = PBXFileReference; fileEncoding = 4; lastKnownFileType = sourcecode.swift; path = EchoViewController.swift; sourceTree = "<group>"; };
		D3971E201D89132E001A0B3F /* ssl.key */ = {isa = PBXFileReference; fileEncoding = 4; lastKnownFileType = text; path = ssl.key; sourceTree = "<group>"; };
		D3BFE28B1D87A45D00A648D8 /* ssl.crt */ = {isa = PBXFileReference; fileEncoding = 4; lastKnownFileType = text; path = ssl.crt; sourceTree = "<group>"; };
/* End PBXFileReference section */

/* Begin PBXFrameworksBuildPhase section */
		D35C9FA51D74B079000443CD /* Frameworks */ = {
			isa = PBXFrameworksBuildPhase;
			buildActionMask = 2147483647;
			files = (
				D36AB73D1F58DF10007D7184 /* BoringSSL.framework in Frameworks */,
				D36AB73E1F58DF10007D7184 /* CgRPC.framework in Frameworks */,
				D36AB73F1F58DF10007D7184 /* Czlib.framework in Frameworks */,
				D36AB7401F58DF10007D7184 /* gRPC.framework in Frameworks */,
				D36AB7411F58DF10007D7184 /* SwiftProtobuf.framework in Frameworks */,
			);
			runOnlyForDeploymentPostprocessing = 0;
		};
/* End PBXFrameworksBuildPhase section */

/* Begin PBXGroup section */
		D315DEE01EE8B29A007670CE /* Products */ = {
			isa = PBXGroup;
			children = (
				D36AB7341F58DEDB007D7184 /* SwiftProtobuf.framework */,
				D315DEEC1EE8B29B007670CE /* SwiftProtobufTests.xctest */,
				D315DEEE1EE8B29B007670CE /* SwiftProtobuf.framework */,
				D315DEF01EE8B29B007670CE /* SwiftProtobufTests.xctest */,
				D315DEF21EE8B29B007670CE /* SwiftProtobuf.framework */,
				D315DEF41EE8B29B007670CE /* SwiftProtobufTests.xctest */,
				D315DEF61EE8B29B007670CE /* SwiftProtobuf.framework */,
			);
			name = Products;
			sourceTree = "<group>";
		};
		D35358231E219971007FA223 /* Generated */ = {
			isa = PBXGroup;
			children = (
				D353581D1E219963007FA223 /* echo.rpc.swift */,
				D353581E1E219963007FA223 /* echo.pb.swift */,
			);
			name = Generated;
			sourceTree = "<group>";
		};
		D35C9F9F1D74B079000443CD = {
			isa = PBXGroup;
			children = (
				D315DEDF1EE8B29A007670CE /* SwiftProtobuf.xcodeproj */,
				D35C9FAA1D74B079000443CD /* Echo */,
				D35358231E219971007FA223 /* Generated */,
				D35358241E219980007FA223 /* EchoProvider.swift */,
				D35C9FA91D74B079000443CD /* Products */,
			);
			sourceTree = "<group>";
		};
		D35C9FA91D74B079000443CD /* Products */ = {
			isa = PBXGroup;
			children = (
				D35C9FA81D74B079000443CD /* Echo.app */,
			);
			name = Products;
			sourceTree = "<group>";
		};
		D35C9FAA1D74B079000443CD /* Echo */ = {
			isa = PBXGroup;
			children = (
				D35C9FAB1D74B079000443CD /* AppDelegate.swift */,
				D35C9FAD1D74B079000443CD /* Assets.xcassets */,
				D35C9FC71D74B0C1000443CD /* EchoViewController.swift */,
				D35C9FB21D74B079000443CD /* Info.plist */,
				D35C9FAF1D74B079000443CD /* MainMenu.xib */,
				D3BFE28B1D87A45D00A648D8 /* ssl.crt */,
				D3971E201D89132E001A0B3F /* ssl.key */,
			);
			path = Echo;
			sourceTree = "<group>";
		};
		D36AB7191F58DEDB007D7184 /* Products */ = {
			isa = PBXGroup;
			children = (
				D36AB7221F58DEDB007D7184 /* zlib-example */,
				D36AB7241F58DEDB007D7184 /* Czlib.framework */,
				D36AB7261F58DEDB007D7184 /* CgRPC.framework */,
				D36AB7281F58DEDB007D7184 /* BoringSSL.framework */,
				D36AB72A1F58DEDB007D7184 /* gRPC.framework */,
				D36AB72C1F58DEDB007D7184 /* gRPCTests.xctest */,
			);
			name = Products;
			sourceTree = "<group>";
		};
/* End PBXGroup section */

/* Begin PBXNativeTarget section */
		D35C9FA71D74B079000443CD /* Echo */ = {
			isa = PBXNativeTarget;
			buildConfigurationList = D35C9FB51D74B079000443CD /* Build configuration list for PBXNativeTarget "Echo" */;
			buildPhases = (
				D35C9FA41D74B079000443CD /* Sources */,
				D35C9FA51D74B079000443CD /* Frameworks */,
				D35C9FA61D74B079000443CD /* Resources */,
			);
			buildRules = (
			);
			dependencies = (
				D36AB7361F58DF02007D7184 /* PBXTargetDependency */,
				D36AB7381F58DF02007D7184 /* PBXTargetDependency */,
				D36AB73A1F58DF02007D7184 /* PBXTargetDependency */,
				D36AB73C1F58DF02007D7184 /* PBXTargetDependency */,
				D315DEFA1EE8B2C7007670CE /* PBXTargetDependency */,
				D315DEFC1EE8B2C7007670CE /* PBXTargetDependency */,
				D315DEFE1EE8B2C7007670CE /* PBXTargetDependency */,
				D315DF001EE8B2C7007670CE /* PBXTargetDependency */,
				D315DEF81EE8B2C1007670CE /* PBXTargetDependency */,
			);
			name = Echo;
			productName = Echo;
			productReference = D35C9FA81D74B079000443CD /* Echo.app */;
			productType = "com.apple.product-type.application";
		};
/* End PBXNativeTarget section */

/* Begin PBXProject section */
		D35C9FA01D74B079000443CD /* Project object */ = {
			isa = PBXProject;
			attributes = {
				LastSwiftUpdateCheck = 0800;
				LastUpgradeCheck = 0820;
				ORGANIZATIONNAME = Google;
				TargetAttributes = {
					D35C9FA71D74B079000443CD = {
						CreatedOnToolsVersion = 8.0;
						DevelopmentTeam = EQHXZ8M8AV;
						ProvisioningStyle = Automatic;
					};
				};
			};
			buildConfigurationList = D35C9FA31D74B079000443CD /* Build configuration list for PBXProject "Echo" */;
			compatibilityVersion = "Xcode 3.2";
			developmentRegion = English;
			hasScannedForEncodings = 0;
			knownRegions = (
				en,
				Base,
			);
			mainGroup = D35C9F9F1D74B079000443CD;
			productRefGroup = D35C9FA91D74B079000443CD /* Products */;
			projectDirPath = "";
			projectReferences = (
				{
					ProductGroup = D36AB7191F58DEDB007D7184 /* Products */;
				},
				{
					ProductGroup = D315DEE01EE8B29A007670CE /* Products */;
					ProjectRef = D315DEDF1EE8B29A007670CE /* SwiftProtobuf.xcodeproj */;
				},
			);
			projectRoot = "";
			targets = (
				D35C9FA71D74B079000443CD /* Echo */,
			);
		};
/* End PBXProject section */

/* Begin PBXReferenceProxy section */
		D315DEEC1EE8B29B007670CE /* SwiftProtobufTests.xctest */ = {
			isa = PBXReferenceProxy;
			fileType = wrapper.cfbundle;
			path = SwiftProtobufTests.xctest;
			remoteRef = D315DEEB1EE8B29B007670CE /* PBXContainerItemProxy */;
			sourceTree = BUILT_PRODUCTS_DIR;
		};
		D315DEEE1EE8B29B007670CE /* SwiftProtobuf.framework */ = {
			isa = PBXReferenceProxy;
			fileType = wrapper.framework;
			path = SwiftProtobuf.framework;
			remoteRef = D315DEED1EE8B29B007670CE /* PBXContainerItemProxy */;
			sourceTree = BUILT_PRODUCTS_DIR;
		};
		D315DEF01EE8B29B007670CE /* SwiftProtobufTests.xctest */ = {
			isa = PBXReferenceProxy;
			fileType = wrapper.cfbundle;
			path = SwiftProtobufTests.xctest;
			remoteRef = D315DEEF1EE8B29B007670CE /* PBXContainerItemProxy */;
			sourceTree = BUILT_PRODUCTS_DIR;
		};
		D315DEF21EE8B29B007670CE /* SwiftProtobuf.framework */ = {
			isa = PBXReferenceProxy;
			fileType = wrapper.framework;
			path = SwiftProtobuf.framework;
			remoteRef = D315DEF11EE8B29B007670CE /* PBXContainerItemProxy */;
			sourceTree = BUILT_PRODUCTS_DIR;
		};
		D315DEF41EE8B29B007670CE /* SwiftProtobufTests.xctest */ = {
			isa = PBXReferenceProxy;
			fileType = wrapper.cfbundle;
			path = SwiftProtobufTests.xctest;
			remoteRef = D315DEF31EE8B29B007670CE /* PBXContainerItemProxy */;
			sourceTree = BUILT_PRODUCTS_DIR;
		};
		D315DEF61EE8B29B007670CE /* SwiftProtobuf.framework */ = {
			isa = PBXReferenceProxy;
			fileType = wrapper.framework;
			path = SwiftProtobuf.framework;
			remoteRef = D315DEF51EE8B29B007670CE /* PBXContainerItemProxy */;
			sourceTree = BUILT_PRODUCTS_DIR;
		};
		D36AB7341F58DEDB007D7184 /* SwiftProtobuf.framework */ = {
			isa = PBXReferenceProxy;
			fileType = wrapper.framework;
			path = SwiftProtobuf.framework;
			remoteRef = D36AB7331F58DEDB007D7184 /* PBXContainerItemProxy */;
			sourceTree = BUILT_PRODUCTS_DIR;
		};
/* End PBXReferenceProxy section */

/* Begin PBXResourcesBuildPhase section */
		D35C9FA61D74B079000443CD /* Resources */ = {
			isa = PBXResourcesBuildPhase;
			buildActionMask = 2147483647;
			files = (
				D3BFE28C1D87A45D00A648D8 /* ssl.crt in Resources */,
				D35C9FAE1D74B079000443CD /* Assets.xcassets in Resources */,
				D3971E211D89132E001A0B3F /* ssl.key in Resources */,
				D35C9FB11D74B079000443CD /* MainMenu.xib in Resources */,
			);
			runOnlyForDeploymentPostprocessing = 0;
		};
/* End PBXResourcesBuildPhase section */

/* Begin PBXSourcesBuildPhase section */
		D35C9FA41D74B079000443CD /* Sources */ = {
			isa = PBXSourcesBuildPhase;
			buildActionMask = 2147483647;
			files = (
				D35C9FC81D74B0C1000443CD /* EchoViewController.swift in Sources */,
				D35C9FAC1D74B079000443CD /* AppDelegate.swift in Sources */,
				D35358251E219980007FA223 /* EchoProvider.swift in Sources */,
				D35358201E219963007FA223 /* echo.rpc.swift in Sources */,
				D35358211E219963007FA223 /* echo.pb.swift in Sources */,
			);
			runOnlyForDeploymentPostprocessing = 0;
		};
/* End PBXSourcesBuildPhase section */

/* Begin PBXTargetDependency section */
		D315DEF81EE8B2C1007670CE /* PBXTargetDependency */ = {
			isa = PBXTargetDependency;
			name = SwiftProtobuf_macOS;
			targetProxy = D315DEF71EE8B2C1007670CE /* PBXContainerItemProxy */;
		};
		D315DEFA1EE8B2C7007670CE /* PBXTargetDependency */ = {
			isa = PBXTargetDependency;
			name = Czlib;
		};
		D315DEFC1EE8B2C7007670CE /* PBXTargetDependency */ = {
			isa = PBXTargetDependency;
			name = CgRPC;
		};
		D315DEFE1EE8B2C7007670CE /* PBXTargetDependency */ = {
			isa = PBXTargetDependency;
			name = BoringSSL;
		};
		D315DF001EE8B2C7007670CE /* PBXTargetDependency */ = {
			isa = PBXTargetDependency;
			name = gRPC;
		};
		D36AB7361F58DF02007D7184 /* PBXTargetDependency */ = {
			isa = PBXTargetDependency;
			name = Czlib;
			targetProxy = D36AB7351F58DF02007D7184 /* PBXContainerItemProxy */;
		};
		D36AB7381F58DF02007D7184 /* PBXTargetDependency */ = {
			isa = PBXTargetDependency;
			name = CgRPC;
			targetProxy = D36AB7371F58DF02007D7184 /* PBXContainerItemProxy */;
		};
		D36AB73A1F58DF02007D7184 /* PBXTargetDependency */ = {
			isa = PBXTargetDependency;
			name = BoringSSL;
			targetProxy = D36AB7391F58DF02007D7184 /* PBXContainerItemProxy */;
		};
		D36AB73C1F58DF02007D7184 /* PBXTargetDependency */ = {
			isa = PBXTargetDependency;
			name = gRPC;
			targetProxy = D36AB73B1F58DF02007D7184 /* PBXContainerItemProxy */;
		};
/* End PBXTargetDependency section */

/* Begin PBXVariantGroup section */
		D35C9FAF1D74B079000443CD /* MainMenu.xib */ = {
			isa = PBXVariantGroup;
			children = (
				D35C9FB01D74B079000443CD /* Base */,
			);
			name = MainMenu.xib;
			sourceTree = "<group>";
		};
/* End PBXVariantGroup section */

/* Begin XCBuildConfiguration section */
		D35C9FB31D74B079000443CD /* Debug */ = {
			isa = XCBuildConfiguration;
			buildSettings = {
				ALWAYS_SEARCH_USER_PATHS = NO;
				CLANG_ANALYZER_NONNULL = YES;
				CLANG_CXX_LANGUAGE_STANDARD = "gnu++0x";
				CLANG_CXX_LIBRARY = "libc++";
				CLANG_ENABLE_MODULES = YES;
				CLANG_ENABLE_OBJC_ARC = YES;
				CLANG_WARN_BOOL_CONVERSION = YES;
				CLANG_WARN_CONSTANT_CONVERSION = YES;
				CLANG_WARN_DIRECT_OBJC_ISA_USAGE = YES_ERROR;
				CLANG_WARN_DOCUMENTATION_COMMENTS = YES;
				CLANG_WARN_EMPTY_BODY = YES;
				CLANG_WARN_ENUM_CONVERSION = YES;
				CLANG_WARN_INFINITE_RECURSION = YES;
				CLANG_WARN_INT_CONVERSION = YES;
				CLANG_WARN_OBJC_ROOT_CLASS = YES_ERROR;
				CLANG_WARN_SUSPICIOUS_MOVE = YES;
				CLANG_WARN_SUSPICIOUS_MOVES = YES;
				CLANG_WARN_UNREACHABLE_CODE = YES;
				CLANG_WARN__DUPLICATE_METHOD_MATCH = YES;
				CODE_SIGN_IDENTITY = "-";
				COPY_PHASE_STRIP = NO;
				DEBUG_INFORMATION_FORMAT = dwarf;
				ENABLE_STRICT_OBJC_MSGSEND = YES;
				ENABLE_TESTABILITY = YES;
				GCC_C_LANGUAGE_STANDARD = gnu99;
				GCC_DYNAMIC_NO_PIC = NO;
				GCC_NO_COMMON_BLOCKS = YES;
				GCC_OPTIMIZATION_LEVEL = 0;
				GCC_PREPROCESSOR_DEFINITIONS = (
					"DEBUG=1",
					"$(inherited)",
				);
				GCC_WARN_64_TO_32_BIT_CONVERSION = YES;
				GCC_WARN_ABOUT_RETURN_TYPE = YES_ERROR;
				GCC_WARN_UNDECLARED_SELECTOR = YES;
				GCC_WARN_UNINITIALIZED_AUTOS = YES_AGGRESSIVE;
				GCC_WARN_UNUSED_FUNCTION = YES;
				GCC_WARN_UNUSED_VARIABLE = YES;
				HEADER_SEARCH_PATHS = ../../../Sources/CgRPC/include;
				MACOSX_DEPLOYMENT_TARGET = 10.11;
				MTL_ENABLE_DEBUG_INFO = YES;
				ONLY_ACTIVE_ARCH = YES;
				SDKROOT = macosx;
				SWIFT_ACTIVE_COMPILATION_CONDITIONS = DEBUG;
				SWIFT_OPTIMIZATION_LEVEL = "-Onone";
			};
			name = Debug;
		};
		D35C9FB41D74B079000443CD /* Release */ = {
			isa = XCBuildConfiguration;
			buildSettings = {
				ALWAYS_SEARCH_USER_PATHS = NO;
				CLANG_ANALYZER_NONNULL = YES;
				CLANG_CXX_LANGUAGE_STANDARD = "gnu++0x";
				CLANG_CXX_LIBRARY = "libc++";
				CLANG_ENABLE_MODULES = YES;
				CLANG_ENABLE_OBJC_ARC = YES;
				CLANG_WARN_BOOL_CONVERSION = YES;
				CLANG_WARN_CONSTANT_CONVERSION = YES;
				CLANG_WARN_DIRECT_OBJC_ISA_USAGE = YES_ERROR;
				CLANG_WARN_DOCUMENTATION_COMMENTS = YES;
				CLANG_WARN_EMPTY_BODY = YES;
				CLANG_WARN_ENUM_CONVERSION = YES;
				CLANG_WARN_INFINITE_RECURSION = YES;
				CLANG_WARN_INT_CONVERSION = YES;
				CLANG_WARN_OBJC_ROOT_CLASS = YES_ERROR;
				CLANG_WARN_SUSPICIOUS_MOVE = YES;
				CLANG_WARN_SUSPICIOUS_MOVES = YES;
				CLANG_WARN_UNREACHABLE_CODE = YES;
				CLANG_WARN__DUPLICATE_METHOD_MATCH = YES;
				CODE_SIGN_IDENTITY = "-";
				COPY_PHASE_STRIP = NO;
				DEBUG_INFORMATION_FORMAT = "dwarf-with-dsym";
				ENABLE_NS_ASSERTIONS = NO;
				ENABLE_STRICT_OBJC_MSGSEND = YES;
				GCC_C_LANGUAGE_STANDARD = gnu99;
				GCC_NO_COMMON_BLOCKS = YES;
				GCC_WARN_64_TO_32_BIT_CONVERSION = YES;
				GCC_WARN_ABOUT_RETURN_TYPE = YES_ERROR;
				GCC_WARN_UNDECLARED_SELECTOR = YES;
				GCC_WARN_UNINITIALIZED_AUTOS = YES_AGGRESSIVE;
				GCC_WARN_UNUSED_FUNCTION = YES;
				GCC_WARN_UNUSED_VARIABLE = YES;
				HEADER_SEARCH_PATHS = ../../../Sources/CgRPC/include;
				MACOSX_DEPLOYMENT_TARGET = 10.11;
				MTL_ENABLE_DEBUG_INFO = NO;
				SDKROOT = macosx;
				SWIFT_OPTIMIZATION_LEVEL = "-Owholemodule";
			};
			name = Release;
		};
		D35C9FB61D74B079000443CD /* Debug */ = {
			isa = XCBuildConfiguration;
			buildSettings = {
				ASSETCATALOG_COMPILER_APPICON_NAME = AppIcon;
				COMBINE_HIDPI_IMAGES = YES;
				DEVELOPMENT_TEAM = EQHXZ8M8AV;
				INFOPLIST_FILE = Echo/Info.plist;
				LD_RUNPATH_SEARCH_PATHS = "$(inherited) @executable_path/../Frameworks";
				PRODUCT_BUNDLE_IDENTIFIER = com.google.Echo;
				PRODUCT_NAME = "$(TARGET_NAME)";
				SWIFT_VERSION = 3.0;
			};
			name = Debug;
		};
		D35C9FB71D74B079000443CD /* Release */ = {
			isa = XCBuildConfiguration;
			buildSettings = {
				ASSETCATALOG_COMPILER_APPICON_NAME = AppIcon;
				COMBINE_HIDPI_IMAGES = YES;
				DEVELOPMENT_TEAM = EQHXZ8M8AV;
				INFOPLIST_FILE = Echo/Info.plist;
				LD_RUNPATH_SEARCH_PATHS = "$(inherited) @executable_path/../Frameworks";
				PRODUCT_BUNDLE_IDENTIFIER = com.google.Echo;
				PRODUCT_NAME = "$(TARGET_NAME)";
				SWIFT_VERSION = 3.0;
			};
			name = Release;
		};
/* End XCBuildConfiguration section */

/* Begin XCConfigurationList section */
		D35C9FA31D74B079000443CD /* Build configuration list for PBXProject "Echo" */ = {
			isa = XCConfigurationList;
			buildConfigurations = (
				D35C9FB31D74B079000443CD /* Debug */,
				D35C9FB41D74B079000443CD /* Release */,
			);
			defaultConfigurationIsVisible = 0;
			defaultConfigurationName = Release;
		};
		D35C9FB51D74B079000443CD /* Build configuration list for PBXNativeTarget "Echo" */ = {
			isa = XCConfigurationList;
			buildConfigurations = (
				D35C9FB61D74B079000443CD /* Debug */,
				D35C9FB71D74B079000443CD /* Release */,
			);
			defaultConfigurationIsVisible = 0;
			defaultConfigurationName = Release;
		};
/* End XCConfigurationList section */
	};
	rootObject = D35C9FA01D74B079000443CD /* Project object */;
}
