// !$*UTF8*$!
{
	archiveVersion = 1;
	classes = {
	};
	objectVersion = 52;
	objects = {

/* Begin PBXBuildFile section */
		45600AC42445365000180DCE /* AudioStreamManager.swift in Sources */ = {isa = PBXBuildFile; fileRef = 45600AC32445365000180DCE /* AudioStreamManager.swift */; };
		458EDDB32444997700BEBFD3 /* SpeechService.swift in Sources */ = {isa = PBXBuildFile; fileRef = 458EDDB22444997700BEBFD3 /* SpeechService.swift */; };
		45A75D542446506000ACB73B /* Constants.swift in Sources */ = {isa = PBXBuildFile; fileRef = 45A75D532446506000ACB73B /* Constants.swift */; };
		45EA4F3024439C2300622606 /* AppDelegate.swift in Sources */ = {isa = PBXBuildFile; fileRef = 45EA4F2F24439C2300622606 /* AppDelegate.swift */; };
		45EA4F3224439C2300622606 /* SceneDelegate.swift in Sources */ = {isa = PBXBuildFile; fileRef = 45EA4F3124439C2300622606 /* SceneDelegate.swift */; };
		45EA4F3424439C2300622606 /* ViewController.swift in Sources */ = {isa = PBXBuildFile; fileRef = 45EA4F3324439C2300622606 /* ViewController.swift */; };
		45EA4F3924439C2400622606 /* Assets.xcassets in Resources */ = {isa = PBXBuildFile; fileRef = 45EA4F3824439C2400622606 /* Assets.xcassets */; };
		45EA4F3C24439C2400622606 /* LaunchScreen.storyboard in Resources */ = {isa = PBXBuildFile; fileRef = 45EA4F3A24439C2400622606 /* LaunchScreen.storyboard */; };
		E7726D7B282887B3006686BE /* cloud_speech.grpc.swift in Sources */ = {isa = PBXBuildFile; fileRef = E7726D73282887B3006686BE /* cloud_speech.grpc.swift */; };
		E7726D7C282887B3006686BE /* status.pb.swift in Sources */ = {isa = PBXBuildFile; fileRef = E7726D74282887B3006686BE /* status.pb.swift */; };
		E7726D7D282887B3006686BE /* cloud_speech.pb.swift in Sources */ = {isa = PBXBuildFile; fileRef = E7726D75282887B3006686BE /* cloud_speech.pb.swift */; };
		E7726D7E282887B3006686BE /* annotations.pb.swift in Sources */ = {isa = PBXBuildFile; fileRef = E7726D76282887B3006686BE /* annotations.pb.swift */; };
		E7726D7F282887B3006686BE /* operations.grpc.swift in Sources */ = {isa = PBXBuildFile; fileRef = E7726D77282887B3006686BE /* operations.grpc.swift */; };
		E7726D80282887B3006686BE /* http.pb.swift in Sources */ = {isa = PBXBuildFile; fileRef = E7726D78282887B3006686BE /* http.pb.swift */; };
		E7726D81282887B3006686BE /* operations.pb.swift in Sources */ = {isa = PBXBuildFile; fileRef = E7726D79282887B3006686BE /* operations.pb.swift */; };
		E7726D82282887B3006686BE /* client.pb.swift in Sources */ = {isa = PBXBuildFile; fileRef = E7726D7A282887B3006686BE /* client.pb.swift */; };
		E7726D8528288825006686BE /* GRPC in Frameworks */ = {isa = PBXBuildFile; productRef = E7726D8428288825006686BE /* GRPC */; };
		E7726D8828288850006686BE /* SnapKit in Frameworks */ = {isa = PBXBuildFile; productRef = E7726D8728288850006686BE /* SnapKit */; };
		E7DB07D128288C160049B966 /* resource.pb.swift in Sources */ = {isa = PBXBuildFile; fileRef = E7DB07D028288C160049B966 /* resource.pb.swift */; };
/* End PBXBuildFile section */

/* Begin PBXFileReference section */
		45600AC32445365000180DCE /* AudioStreamManager.swift */ = {isa = PBXFileReference; lastKnownFileType = sourcecode.swift; path = AudioStreamManager.swift; sourceTree = "<group>"; };
		458EDDB22444997700BEBFD3 /* SpeechService.swift */ = {isa = PBXFileReference; lastKnownFileType = sourcecode.swift; path = SpeechService.swift; sourceTree = "<group>"; };
		45A75D532446506000ACB73B /* Constants.swift */ = {isa = PBXFileReference; lastKnownFileType = sourcecode.swift; path = Constants.swift; sourceTree = "<group>"; };
		45EA4F2C24439C2300622606 /* gRPC Example.app */ = {isa = PBXFileReference; explicitFileType = wrapper.application; includeInIndex = 0; path = "gRPC Example.app"; sourceTree = BUILT_PRODUCTS_DIR; };
		45EA4F2F24439C2300622606 /* AppDelegate.swift */ = {isa = PBXFileReference; lastKnownFileType = sourcecode.swift; path = AppDelegate.swift; sourceTree = "<group>"; };
		45EA4F3124439C2300622606 /* SceneDelegate.swift */ = {isa = PBXFileReference; lastKnownFileType = sourcecode.swift; path = SceneDelegate.swift; sourceTree = "<group>"; };
		45EA4F3324439C2300622606 /* ViewController.swift */ = {isa = PBXFileReference; lastKnownFileType = sourcecode.swift; path = ViewController.swift; sourceTree = "<group>"; };
		45EA4F3824439C2400622606 /* Assets.xcassets */ = {isa = PBXFileReference; lastKnownFileType = folder.assetcatalog; path = Assets.xcassets; sourceTree = "<group>"; };
		45EA4F3B24439C2400622606 /* Base */ = {isa = PBXFileReference; lastKnownFileType = file.storyboard; name = Base; path = Base.lproj/LaunchScreen.storyboard; sourceTree = "<group>"; };
		45EA4F3D24439C2400622606 /* Info.plist */ = {isa = PBXFileReference; lastKnownFileType = text.plist.xml; path = Info.plist; sourceTree = "<group>"; };
		E7726D73282887B3006686BE /* cloud_speech.grpc.swift */ = {isa = PBXFileReference; fileEncoding = 4; lastKnownFileType = sourcecode.swift; path = cloud_speech.grpc.swift; sourceTree = "<group>"; };
		E7726D74282887B3006686BE /* status.pb.swift */ = {isa = PBXFileReference; fileEncoding = 4; lastKnownFileType = sourcecode.swift; path = status.pb.swift; sourceTree = "<group>"; };
		E7726D75282887B3006686BE /* cloud_speech.pb.swift */ = {isa = PBXFileReference; fileEncoding = 4; lastKnownFileType = sourcecode.swift; path = cloud_speech.pb.swift; sourceTree = "<group>"; };
		E7726D76282887B3006686BE /* annotations.pb.swift */ = {isa = PBXFileReference; fileEncoding = 4; lastKnownFileType = sourcecode.swift; path = annotations.pb.swift; sourceTree = "<group>"; };
		E7726D77282887B3006686BE /* operations.grpc.swift */ = {isa = PBXFileReference; fileEncoding = 4; lastKnownFileType = sourcecode.swift; path = operations.grpc.swift; sourceTree = "<group>"; };
		E7726D78282887B3006686BE /* http.pb.swift */ = {isa = PBXFileReference; fileEncoding = 4; lastKnownFileType = sourcecode.swift; path = http.pb.swift; sourceTree = "<group>"; };
		E7726D79282887B3006686BE /* operations.pb.swift */ = {isa = PBXFileReference; fileEncoding = 4; lastKnownFileType = sourcecode.swift; path = operations.pb.swift; sourceTree = "<group>"; };
		E7726D7A282887B3006686BE /* client.pb.swift */ = {isa = PBXFileReference; fileEncoding = 4; lastKnownFileType = sourcecode.swift; path = client.pb.swift; sourceTree = "<group>"; };
		E7DB07D028288C160049B966 /* resource.pb.swift */ = {isa = PBXFileReference; fileEncoding = 4; lastKnownFileType = sourcecode.swift; path = resource.pb.swift; sourceTree = "<group>"; };
/* End PBXFileReference section */

/* Begin PBXFrameworksBuildPhase section */
		45EA4F2924439C2300622606 /* Frameworks */ = {
			isa = PBXFrameworksBuildPhase;
			buildActionMask = 2147483647;
			files = (
				E7726D8528288825006686BE /* GRPC in Frameworks */,
				E7726D8828288850006686BE /* SnapKit in Frameworks */,
			);
			runOnlyForDeploymentPostprocessing = 0;
		};
/* End PBXFrameworksBuildPhase section */

/* Begin PBXGroup section */
		4524351E244495D800EF8317 /* Configuration */ = {
			isa = PBXGroup;
			children = (
				45EA4F3D24439C2400622606 /* Info.plist */,
				45EA4F3824439C2400622606 /* Assets.xcassets */,
			);
			path = Configuration;
			sourceTree = "<group>";
		};
		4524351F244495EC00EF8317 /* Launch */ = {
			isa = PBXGroup;
			children = (
				45EA4F3A24439C2400622606 /* LaunchScreen.storyboard */,
				45EA4F2F24439C2300622606 /* AppDelegate.swift */,
				45EA4F3124439C2300622606 /* SceneDelegate.swift */,
			);
			path = Launch;
			sourceTree = "<group>";
		};
		45EA4F2324439C2300622606 = {
			isa = PBXGroup;
			children = (
				45EA4F2E24439C2300622606 /* Sources */,
				45EA4F2D24439C2300622606 /* Products */,
			);
			sourceTree = "<group>";
		};
		45EA4F2D24439C2300622606 /* Products */ = {
			isa = PBXGroup;
			children = (
				45EA4F2C24439C2300622606 /* gRPC Example.app */,
			);
			name = Products;
			sourceTree = "<group>";
		};
		45EA4F2E24439C2300622606 /* Sources */ = {
			isa = PBXGroup;
			children = (
				E7726D72282887B3006686BE /* Generated */,
				4524351F244495EC00EF8317 /* Launch */,
				4524351E244495D800EF8317 /* Configuration */,
				45EA4F3324439C2300622606 /* ViewController.swift */,
				458EDDB22444997700BEBFD3 /* SpeechService.swift */,
				45600AC32445365000180DCE /* AudioStreamManager.swift */,
				45A75D532446506000ACB73B /* Constants.swift */,
			);
			path = Sources;
			sourceTree = "<group>";
		};
		E7726D72282887B3006686BE /* Generated */ = {
			isa = PBXGroup;
			children = (
				E7726D76282887B3006686BE /* annotations.pb.swift */,
				E7726D7A282887B3006686BE /* client.pb.swift */,
				E7726D73282887B3006686BE /* cloud_speech.grpc.swift */,
				E7726D75282887B3006686BE /* cloud_speech.pb.swift */,
				E7726D78282887B3006686BE /* http.pb.swift */,
				E7726D77282887B3006686BE /* operations.grpc.swift */,
				E7726D79282887B3006686BE /* operations.pb.swift */,
				E7DB07D028288C160049B966 /* resource.pb.swift */,
				E7726D74282887B3006686BE /* status.pb.swift */,
			);
			path = Generated;
			sourceTree = "<group>";
		};
/* End PBXGroup section */

/* Begin PBXNativeTarget section */
		45EA4F2B24439C2300622606 /* SpeechToText-gRPC-iOS */ = {
			isa = PBXNativeTarget;
			buildConfigurationList = 45EA4F4024439C2400622606 /* Build configuration list for PBXNativeTarget "SpeechToText-gRPC-iOS" */;
			buildPhases = (
				45EA4F2824439C2300622606 /* Sources */,
				45EA4F2924439C2300622606 /* Frameworks */,
				45EA4F2A24439C2300622606 /* Resources */,
			);
			buildRules = (
			);
			dependencies = (
			);
			name = "SpeechToText-gRPC-iOS";
			packageProductDependencies = (
				E7726D8428288825006686BE /* GRPC */,
				E7726D8728288850006686BE /* SnapKit */,
			);
			productName = "SpeechToText-gRPC-iOS";
			productReference = 45EA4F2C24439C2300622606 /* gRPC Example.app */;
			productType = "com.apple.product-type.application";
		};
/* End PBXNativeTarget section */

/* Begin PBXProject section */
		45EA4F2424439C2300622606 /* Project object */ = {
			isa = PBXProject;
			attributes = {
				LastSwiftUpdateCheck = 1130;
				LastUpgradeCheck = 1330;
				ORGANIZATIONNAME = "Prickett, Jacob (J.A.)";
				TargetAttributes = {
					45EA4F2B24439C2300622606 = {
						CreatedOnToolsVersion = 11.3;
					};
				};
			};
			buildConfigurationList = 45EA4F2724439C2300622606 /* Build configuration list for PBXProject "SpeechToText-gRPC-iOS" */;
			compatibilityVersion = "Xcode 9.3";
			developmentRegion = en;
			hasScannedForEncodings = 0;
			knownRegions = (
				en,
				Base,
			);
			mainGroup = 45EA4F2324439C2300622606;
			packageReferences = (
				E7726D8328288825006686BE /* XCRemoteSwiftPackageReference "grpc-swift" */,
				E7726D8628288850006686BE /* XCRemoteSwiftPackageReference "SnapKit" */,
			);
			productRefGroup = 45EA4F2D24439C2300622606 /* Products */;
			projectDirPath = "";
			projectRoot = "";
			targets = (
				45EA4F2B24439C2300622606 /* SpeechToText-gRPC-iOS */,
			);
		};
/* End PBXProject section */

/* Begin PBXResourcesBuildPhase section */
		45EA4F2A24439C2300622606 /* Resources */ = {
			isa = PBXResourcesBuildPhase;
			buildActionMask = 2147483647;
			files = (
				45EA4F3C24439C2400622606 /* LaunchScreen.storyboard in Resources */,
				45EA4F3924439C2400622606 /* Assets.xcassets in Resources */,
			);
			runOnlyForDeploymentPostprocessing = 0;
		};
/* End PBXResourcesBuildPhase section */

/* Begin PBXSourcesBuildPhase section */
		45EA4F2824439C2300622606 /* Sources */ = {
			isa = PBXSourcesBuildPhase;
			buildActionMask = 2147483647;
			files = (
				45600AC42445365000180DCE /* AudioStreamManager.swift in Sources */,
				45EA4F3424439C2300622606 /* ViewController.swift in Sources */,
				E7DB07D128288C160049B966 /* resource.pb.swift in Sources */,
				E7726D7D282887B3006686BE /* cloud_speech.pb.swift in Sources */,
				E7726D81282887B3006686BE /* operations.pb.swift in Sources */,
				45EA4F3024439C2300622606 /* AppDelegate.swift in Sources */,
				E7726D80282887B3006686BE /* http.pb.swift in Sources */,
				E7726D7F282887B3006686BE /* operations.grpc.swift in Sources */,
				E7726D82282887B3006686BE /* client.pb.swift in Sources */,
				458EDDB32444997700BEBFD3 /* SpeechService.swift in Sources */,
				45EA4F3224439C2300622606 /* SceneDelegate.swift in Sources */,
				E7726D7B282887B3006686BE /* cloud_speech.grpc.swift in Sources */,
				E7726D7C282887B3006686BE /* status.pb.swift in Sources */,
				45A75D542446506000ACB73B /* Constants.swift in Sources */,
				E7726D7E282887B3006686BE /* annotations.pb.swift in Sources */,
			);
			runOnlyForDeploymentPostprocessing = 0;
		};
/* End PBXSourcesBuildPhase section */

/* Begin PBXVariantGroup section */
		45EA4F3A24439C2400622606 /* LaunchScreen.storyboard */ = {
			isa = PBXVariantGroup;
			children = (
				45EA4F3B24439C2400622606 /* Base */,
			);
			name = LaunchScreen.storyboard;
			sourceTree = "<group>";
		};
/* End PBXVariantGroup section */

/* Begin XCBuildConfiguration section */
		45EA4F3E24439C2400622606 /* Debug */ = {
			isa = XCBuildConfiguration;
			buildSettings = {
				ALWAYS_SEARCH_USER_PATHS = NO;
				CLANG_ANALYZER_NONNULL = YES;
				CLANG_ANALYZER_NUMBER_OBJECT_CONVERSION = YES_AGGRESSIVE;
				CLANG_CXX_LANGUAGE_STANDARD = "gnu++14";
				CLANG_CXX_LIBRARY = "libc++";
				CLANG_ENABLE_MODULES = YES;
				CLANG_ENABLE_OBJC_ARC = YES;
				CLANG_ENABLE_OBJC_WEAK = YES;
				CLANG_WARN_BLOCK_CAPTURE_AUTORELEASING = YES;
				CLANG_WARN_BOOL_CONVERSION = YES;
				CLANG_WARN_COMMA = YES;
				CLANG_WARN_CONSTANT_CONVERSION = YES;
				CLANG_WARN_DEPRECATED_OBJC_IMPLEMENTATIONS = YES;
				CLANG_WARN_DIRECT_OBJC_ISA_USAGE = YES_ERROR;
				CLANG_WARN_DOCUMENTATION_COMMENTS = YES;
				CLANG_WARN_EMPTY_BODY = YES;
				CLANG_WARN_ENUM_CONVERSION = YES;
				CLANG_WARN_INFINITE_RECURSION = YES;
				CLANG_WARN_INT_CONVERSION = YES;
				CLANG_WARN_NON_LITERAL_NULL_CONVERSION = YES;
				CLANG_WARN_OBJC_IMPLICIT_RETAIN_SELF = YES;
				CLANG_WARN_OBJC_LITERAL_CONVERSION = YES;
				CLANG_WARN_OBJC_ROOT_CLASS = YES_ERROR;
				CLANG_WARN_QUOTED_INCLUDE_IN_FRAMEWORK_HEADER = YES;
				CLANG_WARN_RANGE_LOOP_ANALYSIS = YES;
				CLANG_WARN_STRICT_PROTOTYPES = YES;
				CLANG_WARN_SUSPICIOUS_MOVE = YES;
				CLANG_WARN_UNGUARDED_AVAILABILITY = YES_AGGRESSIVE;
				CLANG_WARN_UNREACHABLE_CODE = YES;
				CLANG_WARN__DUPLICATE_METHOD_MATCH = YES;
				COPY_PHASE_STRIP = NO;
				DEBUG_INFORMATION_FORMAT = dwarf;
				ENABLE_STRICT_OBJC_MSGSEND = YES;
				ENABLE_TESTABILITY = YES;
				GCC_C_LANGUAGE_STANDARD = gnu11;
				GCC_DYNAMIC_NO_PIC = NO;
				GCC_NO_COMMON_BLOCKS = YES;
				GCC_OPTIMIZATION_LEVEL = 0;
				GCC_PREPROCESSOR_DEFINITIONS = (
					"DEBUG=1",
					"$(inherited)",
				);
				GCC_WARN_64_TO_32_BIT_CONVERSION = YES;
				GCC_WARN_ABOUT_RETURN_TYPE = YES_ERROR;
				GCC_WARN_UNDECLARED_SELECTOR = YES;
				GCC_WARN_UNINITIALIZED_AUTOS = YES_AGGRESSIVE;
				GCC_WARN_UNUSED_FUNCTION = YES;
				GCC_WARN_UNUSED_VARIABLE = YES;
				IPHONEOS_DEPLOYMENT_TARGET = 15.0;
				MTL_ENABLE_DEBUG_INFO = INCLUDE_SOURCE;
				MTL_FAST_MATH = YES;
				ONLY_ACTIVE_ARCH = YES;
				SDKROOT = iphoneos;
				SWIFT_ACTIVE_COMPILATION_CONDITIONS = DEBUG;
				SWIFT_OPTIMIZATION_LEVEL = "-Onone";
			};
			name = Debug;
		};
		45EA4F3F24439C2400622606 /* Release */ = {
			isa = XCBuildConfiguration;
			buildSettings = {
				ALWAYS_SEARCH_USER_PATHS = NO;
				CLANG_ANALYZER_NONNULL = YES;
				CLANG_ANALYZER_NUMBER_OBJECT_CONVERSION = YES_AGGRESSIVE;
				CLANG_CXX_LANGUAGE_STANDARD = "gnu++14";
				CLANG_CXX_LIBRARY = "libc++";
				CLANG_ENABLE_MODULES = YES;
				CLANG_ENABLE_OBJC_ARC = YES;
				CLANG_ENABLE_OBJC_WEAK = YES;
				CLANG_WARN_BLOCK_CAPTURE_AUTORELEASING = YES;
				CLANG_WARN_BOOL_CONVERSION = YES;
				CLANG_WARN_COMMA = YES;
				CLANG_WARN_CONSTANT_CONVERSION = YES;
				CLANG_WARN_DEPRECATED_OBJC_IMPLEMENTATIONS = YES;
				CLANG_WARN_DIRECT_OBJC_ISA_USAGE = YES_ERROR;
				CLANG_WARN_DOCUMENTATION_COMMENTS = YES;
				CLANG_WARN_EMPTY_BODY = YES;
				CLANG_WARN_ENUM_CONVERSION = YES;
				CLANG_WARN_INFINITE_RECURSION = YES;
				CLANG_WARN_INT_CONVERSION = YES;
				CLANG_WARN_NON_LITERAL_NULL_CONVERSION = YES;
				CLANG_WARN_OBJC_IMPLICIT_RETAIN_SELF = YES;
				CLANG_WARN_OBJC_LITERAL_CONVERSION = YES;
				CLANG_WARN_OBJC_ROOT_CLASS = YES_ERROR;
				CLANG_WARN_QUOTED_INCLUDE_IN_FRAMEWORK_HEADER = YES;
				CLANG_WARN_RANGE_LOOP_ANALYSIS = YES;
				CLANG_WARN_STRICT_PROTOTYPES = YES;
				CLANG_WARN_SUSPICIOUS_MOVE = YES;
				CLANG_WARN_UNGUARDED_AVAILABILITY = YES_AGGRESSIVE;
				CLANG_WARN_UNREACHABLE_CODE = YES;
				CLANG_WARN__DUPLICATE_METHOD_MATCH = YES;
				COPY_PHASE_STRIP = NO;
				DEBUG_INFORMATION_FORMAT = "dwarf-with-dsym";
				ENABLE_NS_ASSERTIONS = NO;
				ENABLE_STRICT_OBJC_MSGSEND = YES;
				GCC_C_LANGUAGE_STANDARD = gnu11;
				GCC_NO_COMMON_BLOCKS = YES;
				GCC_WARN_64_TO_32_BIT_CONVERSION = YES;
				GCC_WARN_ABOUT_RETURN_TYPE = YES_ERROR;
				GCC_WARN_UNDECLARED_SELECTOR = YES;
				GCC_WARN_UNINITIALIZED_AUTOS = YES_AGGRESSIVE;
				GCC_WARN_UNUSED_FUNCTION = YES;
				GCC_WARN_UNUSED_VARIABLE = YES;
				IPHONEOS_DEPLOYMENT_TARGET = 15.0;
				MTL_ENABLE_DEBUG_INFO = NO;
				MTL_FAST_MATH = YES;
				SDKROOT = iphoneos;
				SWIFT_COMPILATION_MODE = wholemodule;
				SWIFT_OPTIMIZATION_LEVEL = "-O";
				VALIDATE_PRODUCT = YES;
			};
			name = Release;
		};
		45EA4F4124439C2400622606 /* Debug */ = {
			isa = XCBuildConfiguration;
			buildSettings = {
				ASSETCATALOG_COMPILER_APPICON_NAME = AppIcon;
				CODE_SIGN_STYLE = Automatic;
				DEVELOPMENT_TEAM = 24DLJQTAR9;
				INFOPLIST_FILE = "$(SRCROOT)/Sources/Configuration/Info.plist";
				IPHONEOS_DEPLOYMENT_TARGET = 15.0;
				LD_RUNPATH_SEARCH_PATHS = (
					"$(inherited)",
					"@executable_path/Frameworks",
				);
				PRODUCT_BUNDLE_IDENTIFIER = "com.jakeprickett.SpeechToText-gRPC-iOS";
				PRODUCT_NAME = "gRPC Example";
				SWIFT_VERSION = 5.0;
				TARGETED_DEVICE_FAMILY = 1;
			};
			name = Debug;
		};
		45EA4F4224439C2400622606 /* Release */ = {
			isa = XCBuildConfiguration;
			buildSettings = {
				ASSETCATALOG_COMPILER_APPICON_NAME = AppIcon;
				CODE_SIGN_STYLE = Automatic;
				DEVELOPMENT_TEAM = 24DLJQTAR9;
				INFOPLIST_FILE = "$(SRCROOT)/Sources/Configuration/Info.plist";
				IPHONEOS_DEPLOYMENT_TARGET = 15.0;
				LD_RUNPATH_SEARCH_PATHS = (
					"$(inherited)",
					"@executable_path/Frameworks",
				);
				PRODUCT_BUNDLE_IDENTIFIER = "com.jakeprickett.SpeechToText-gRPC-iOS";
				PRODUCT_NAME = "gRPC Example";
				SWIFT_VERSION = 5.0;
				TARGETED_DEVICE_FAMILY = 1;
			};
			name = Release;
		};
/* End XCBuildConfiguration section */

/* Begin XCConfigurationList section */
		45EA4F2724439C2300622606 /* Build configuration list for PBXProject "SpeechToText-gRPC-iOS" */ = {
			isa = XCConfigurationList;
			buildConfigurations = (
				45EA4F3E24439C2400622606 /* Debug */,
				45EA4F3F24439C2400622606 /* Release */,
			);
			defaultConfigurationIsVisible = 0;
			defaultConfigurationName = Debug;
		};
		45EA4F4024439C2400622606 /* Build configuration list for PBXNativeTarget "SpeechToText-gRPC-iOS" */ = {
			isa = XCConfigurationList;
			buildConfigurations = (
				45EA4F4124439C2400622606 /* Debug */,
				45EA4F4224439C2400622606 /* Release */,
			);
			defaultConfigurationIsVisible = 0;
			defaultConfigurationName = Debug;
		};
/* End XCConfigurationList section */

/* Begin XCRemoteSwiftPackageReference section */
		E7726D8328288825006686BE /* XCRemoteSwiftPackageReference "grpc-swift" */ = {
			isa = XCRemoteSwiftPackageReference;
			repositoryURL = "https://github.com/grpc/grpc-swift.git";
			requirement = {
				kind = upToNextMajorVersion;
				minimumVersion = 1.0.0;
			};
		};
		E7726D8628288850006686BE /* XCRemoteSwiftPackageReference "SnapKit" */ = {
			isa = XCRemoteSwiftPackageReference;
			repositoryURL = "https://github.com/SnapKit/SnapKit";
			requirement = {
				kind = upToNextMajorVersion;
				minimumVersion = 5.0.0;
			};
		};
/* End XCRemoteSwiftPackageReference section */

/* Begin XCSwiftPackageProductDependency section */
		E7726D8428288825006686BE /* GRPC */ = {
			isa = XCSwiftPackageProductDependency;
			package = E7726D8328288825006686BE /* XCRemoteSwiftPackageReference "grpc-swift" */;
			productName = GRPC;
		};
		E7726D8728288850006686BE /* SnapKit */ = {
			isa = XCSwiftPackageProductDependency;
			package = E7726D8628288850006686BE /* XCRemoteSwiftPackageReference "SnapKit" */;
			productName = SnapKit;
		};
/* End XCSwiftPackageProductDependency section */
	};
	rootObject = 45EA4F2424439C2300622606 /* Project object */;
}
