// !$*UTF8*$!
{
	archiveVersion = 1;
	classes = {
	};
	objectVersion = 46;
	objects = {

/* Begin PBXBuildFile section */
		020BF449F4DC160FFEA59281 /* Pods_Simple.framework in Frameworks */ = {isa = PBXBuildFile; fileRef = 1637F1B5EB217163B05C09F6 /* Pods_Simple.framework */; };
		D30D735B1D565E4400F90CCB /* AppDelegate.swift in Sources */ = {isa = PBXBuildFile; fileRef = D30D735A1D565E4400F90CCB /* AppDelegate.swift */; };
		D30D735D1D565E4400F90CCB /* Document.swift in Sources */ = {isa = PBXBuildFile; fileRef = D30D735C1D565E4400F90CCB /* Document.swift */; };
		D30D73601D565E4400F90CCB /* Document.xib in Resources */ = {isa = PBXBuildFile; fileRef = D30D735E1D565E4400F90CCB /* Document.xib */; };
		D30D73621D565E4400F90CCB /* Assets.xcassets in Resources */ = {isa = PBXBuildFile; fileRef = D30D73611D565E4400F90CCB /* Assets.xcassets */; };
		D30D73651D565E4400F90CCB /* MainMenu.xib in Resources */ = {isa = PBXBuildFile; fileRef = D30D73631D565E4400F90CCB /* MainMenu.xib */; };
		D394EF271F58DBA300E99633 /* BuildFile in Frameworks */ = {isa = PBXBuildFile; };
		D394EF281F58DBA300E99633 /* BuildFile in Frameworks */ = {isa = PBXBuildFile; };
		D394EF291F58DBA300E99633 /* BuildFile in Frameworks */ = {isa = PBXBuildFile; };
		D394EF2A1F58DBA300E99633 /* BuildFile in Frameworks */ = {isa = PBXBuildFile; };
/* End PBXBuildFile section */

/* Begin PBXFileReference section */
		1637F1B5EB217163B05C09F6 /* Pods_Simple.framework */ = {isa = PBXFileReference; explicitFileType = wrapper.framework; includeInIndex = 0; path = Pods_Simple.framework; sourceTree = BUILT_PRODUCTS_DIR; };
		82FBE46939E735B1F797924F /* Pods-Simple.release.xcconfig */ = {isa = PBXFileReference; includeInIndex = 1; lastKnownFileType = text.xcconfig; name = "Pods-Simple.release.xcconfig"; path = "Pods/Target Support Files/Pods-Simple/Pods-Simple.release.xcconfig"; sourceTree = "<group>"; };
		92FB91401821C52F1D137A51 /* Pods-Simple.debug.xcconfig */ = {isa = PBXFileReference; includeInIndex = 1; lastKnownFileType = text.xcconfig; name = "Pods-Simple.debug.xcconfig"; path = "Pods/Target Support Files/Pods-Simple/Pods-Simple.debug.xcconfig"; sourceTree = "<group>"; };
		D30D73571D565E4400F90CCB /* Simple.app */ = {isa = PBXFileReference; explicitFileType = wrapper.application; includeInIndex = 0; path = Simple.app; sourceTree = BUILT_PRODUCTS_DIR; };
		D30D735A1D565E4400F90CCB /* AppDelegate.swift */ = {isa = PBXFileReference; lastKnownFileType = sourcecode.swift; path = AppDelegate.swift; sourceTree = "<group>"; };
		D30D735C1D565E4400F90CCB /* Document.swift */ = {isa = PBXFileReference; lastKnownFileType = sourcecode.swift; path = Document.swift; sourceTree = "<group>"; };
		D30D735F1D565E4400F90CCB /* Base */ = {isa = PBXFileReference; lastKnownFileType = file.xib; name = Base; path = Base.lproj/Document.xib; sourceTree = "<group>"; };
		D30D73611D565E4400F90CCB /* Assets.xcassets */ = {isa = PBXFileReference; lastKnownFileType = folder.assetcatalog; path = Assets.xcassets; sourceTree = "<group>"; };
		D30D73641D565E4400F90CCB /* Base */ = {isa = PBXFileReference; lastKnownFileType = file.xib; name = Base; path = Base.lproj/MainMenu.xib; sourceTree = "<group>"; };
		D30D73661D565E4400F90CCB /* Info.plist */ = {isa = PBXFileReference; lastKnownFileType = text.plist.xml; path = Info.plist; sourceTree = "<group>"; };
/* End PBXFileReference section */

/* Begin PBXFrameworksBuildPhase section */
		D30D73541D565E4400F90CCB /* Frameworks */ = {
			isa = PBXFrameworksBuildPhase;
			buildActionMask = 2147483647;
			files = (
				D394EF271F58DBA300E99633 /* BuildFile in Frameworks */,
				D394EF281F58DBA300E99633 /* BuildFile in Frameworks */,
				D394EF291F58DBA300E99633 /* BuildFile in Frameworks */,
				D394EF2A1F58DBA300E99633 /* BuildFile in Frameworks */,
				020BF449F4DC160FFEA59281 /* Pods_Simple.framework in Frameworks */,
			);
			runOnlyForDeploymentPostprocessing = 0;
		};
/* End PBXFrameworksBuildPhase section */

/* Begin PBXGroup section */
		3410CF2A0B1DA40CBD2960DB /* Frameworks */ = {
			isa = PBXGroup;
			children = (
				1637F1B5EB217163B05C09F6 /* Pods_Simple.framework */,
			);
			name = Frameworks;
			sourceTree = "<group>";
		};
		42235A567C9D88F028BC9FBB /* Pods */ = {
			isa = PBXGroup;
			children = (
				92FB91401821C52F1D137A51 /* Pods-Simple.debug.xcconfig */,
				82FBE46939E735B1F797924F /* Pods-Simple.release.xcconfig */,
			);
			name = Pods;
			sourceTree = "<group>";
		};
		D30D734E1D565E4400F90CCB = {
			isa = PBXGroup;
			children = (
				D30D73591D565E4400F90CCB /* Simple */,
				D30D73581D565E4400F90CCB /* Products */,
				42235A567C9D88F028BC9FBB /* Pods */,
				3410CF2A0B1DA40CBD2960DB /* Frameworks */,
			);
			sourceTree = "<group>";
		};
		D30D73581D565E4400F90CCB /* Products */ = {
			isa = PBXGroup;
			children = (
				D30D73571D565E4400F90CCB /* Simple.app */,
			);
			name = Products;
			sourceTree = "<group>";
		};
		D30D73591D565E4400F90CCB /* Simple */ = {
			isa = PBXGroup;
			children = (
				D30D735A1D565E4400F90CCB /* AppDelegate.swift */,
				D30D735C1D565E4400F90CCB /* Document.swift */,
				D30D735E1D565E4400F90CCB /* Document.xib */,
				D30D73611D565E4400F90CCB /* Assets.xcassets */,
				D30D73631D565E4400F90CCB /* MainMenu.xib */,
				D30D73661D565E4400F90CCB /* Info.plist */,
			);
			path = Simple;
			sourceTree = "<group>";
		};
		D394EF0B1F58DB7A00E99633 /* Products */ = {
			isa = PBXGroup;
			children = (
			);
			name = Products;
			sourceTree = "<group>";
		};
/* End PBXGroup section */

/* Begin PBXNativeTarget section */
		D30D73561D565E4400F90CCB /* Simple */ = {
			isa = PBXNativeTarget;
			buildConfigurationList = D30D73691D565E4400F90CCB /* Build configuration list for PBXNativeTarget "Simple" */;
			buildPhases = (
				D0F766A5DE10BD0BBB1D0BED /* [CP] Check Pods Manifest.lock */,
				D30D73531D565E4400F90CCB /* Sources */,
				D30D73541D565E4400F90CCB /* Frameworks */,
				D30D73551D565E4400F90CCB /* Resources */,
				65570F4D3F2AC86016E847D3 /* [CP] Embed Pods Frameworks */,
				F67FAAFE297D1C22F4F94B88 /* [CP] Copy Pods Resources */,
			);
			buildRules = (
			);
			dependencies = (
				D394EF201F58DB9800E99633 /* PBXTargetDependency */,
				D394EF221F58DB9800E99633 /* PBXTargetDependency */,
				D394EF241F58DB9800E99633 /* PBXTargetDependency */,
				D394EF261F58DB9800E99633 /* PBXTargetDependency */,
				D3E1EA811EE8B0120024A93A /* PBXTargetDependency */,
				D3E1EA831EE8B0120024A93A /* PBXTargetDependency */,
				D3E1EA7F1EE8B00C0024A93A /* PBXTargetDependency */,
				D3E1EA7D1EE8B0070024A93A /* PBXTargetDependency */,
				D31F111A1EA9333F0067D424 /* PBXTargetDependency */,
				D31F111C1EA9333F0067D424 /* PBXTargetDependency */,
				D31F111E1EA9333F0067D424 /* PBXTargetDependency */,
			);
			name = Simple;
			productName = Simple;
			productReference = D30D73571D565E4400F90CCB /* Simple.app */;
			productType = "com.apple.product-type.application";
		};
/* End PBXNativeTarget section */

/* Begin PBXProject section */
		D30D734F1D565E4400F90CCB /* Project object */ = {
			isa = PBXProject;
			attributes = {
				LastSwiftUpdateCheck = 0800;
				LastUpgradeCheck = 0800;
				ORGANIZATIONNAME = Google;
				TargetAttributes = {
					D30D73561D565E4400F90CCB = {
						CreatedOnToolsVersion = 8.0;
						DevelopmentTeam = EQHXZ8M8AV;
						DevelopmentTeamName = "Google, Inc.";
						ProvisioningStyle = Automatic;
					};
				};
			};
			buildConfigurationList = D30D73521D565E4400F90CCB /* Build configuration list for PBXProject "Simple" */;
			compatibilityVersion = "Xcode 3.2";
			developmentRegion = English;
			hasScannedForEncodings = 0;
			knownRegions = (
				en,
				Base,
			);
			mainGroup = D30D734E1D565E4400F90CCB;
			productRefGroup = D30D73581D565E4400F90CCB /* Products */;
			projectDirPath = "";
			projectReferences = (
				{
					ProductGroup = D394EF0B1F58DB7A00E99633 /* Products */;
				},
			);
			projectRoot = "";
			targets = (
				D30D73561D565E4400F90CCB /* Simple */,
			);
		};
/* End PBXProject section */

/* Begin PBXResourcesBuildPhase section */
		D30D73551D565E4400F90CCB /* Resources */ = {
			isa = PBXResourcesBuildPhase;
			buildActionMask = 2147483647;
			files = (
				D30D73621D565E4400F90CCB /* Assets.xcassets in Resources */,
				D30D73601D565E4400F90CCB /* Document.xib in Resources */,
				D30D73651D565E4400F90CCB /* MainMenu.xib in Resources */,
			);
			runOnlyForDeploymentPostprocessing = 0;
		};
/* End PBXResourcesBuildPhase section */

/* Begin PBXShellScriptBuildPhase section */
		65570F4D3F2AC86016E847D3 /* [CP] Embed Pods Frameworks */ = {
			isa = PBXShellScriptBuildPhase;
			buildActionMask = 2147483647;
			files = (
			);
			inputPaths = (
			);
			name = "[CP] Embed Pods Frameworks";
			outputPaths = (
			);
			runOnlyForDeploymentPostprocessing = 0;
			shellPath = /bin/sh;
			shellScript = "\"${SRCROOT}/Pods/Target Support Files/Pods-Simple/Pods-Simple-frameworks.sh\"\n";
			showEnvVarsInLog = 0;
		};
		D0F766A5DE10BD0BBB1D0BED /* [CP] Check Pods Manifest.lock */ = {
			isa = PBXShellScriptBuildPhase;
			buildActionMask = 2147483647;
			files = (
			);
			inputPaths = (
				"${PODS_PODFILE_DIR_PATH}/Podfile.lock",
				"${PODS_ROOT}/Manifest.lock",
			);
			name = "[CP] Check Pods Manifest.lock";
			outputPaths = (
				"$(DERIVED_FILE_DIR)/Pods-Simple-checkManifestLockResult.txt",
			);
			runOnlyForDeploymentPostprocessing = 0;
			shellPath = /bin/sh;
			shellScript = "diff \"${PODS_PODFILE_DIR_PATH}/Podfile.lock\" \"${PODS_ROOT}/Manifest.lock\" > /dev/null\nif [ $? != 0 ] ; then\n    # print error to STDERR\n    echo \"error: The sandbox is not in sync with the Podfile.lock. Run 'pod install' or update your CocoaPods installation.\" >&2\n    exit 1\nfi\n# This output is used by Xcode 'outputs' to avoid re-running this script phase.\necho \"SUCCESS\" > \"${SCRIPT_OUTPUT_FILE_0}\"\n";
			showEnvVarsInLog = 0;
		};
		F67FAAFE297D1C22F4F94B88 /* [CP] Copy Pods Resources */ = {
			isa = PBXShellScriptBuildPhase;
			buildActionMask = 2147483647;
			files = (
			);
			inputPaths = (
			);
			name = "[CP] Copy Pods Resources";
			outputPaths = (
			);
			runOnlyForDeploymentPostprocessing = 0;
			shellPath = /bin/sh;
			shellScript = "\"${SRCROOT}/Pods/Target Support Files/Pods-Simple/Pods-Simple-resources.sh\"\n";
			showEnvVarsInLog = 0;
		};
/* End PBXShellScriptBuildPhase section */

/* Begin PBXSourcesBuildPhase section */
		D30D73531D565E4400F90CCB /* Sources */ = {
			isa = PBXSourcesBuildPhase;
			buildActionMask = 2147483647;
			files = (
				D30D735D1D565E4400F90CCB /* Document.swift in Sources */,
				D30D735B1D565E4400F90CCB /* AppDelegate.swift in Sources */,
			);
			runOnlyForDeploymentPostprocessing = 0;
		};
/* End PBXSourcesBuildPhase section */

/* Begin PBXTargetDependency section */
		D31F111A1EA9333F0067D424 /* PBXTargetDependency */ = {
			isa = PBXTargetDependency;
			name = CgRPC;
		};
		D31F111C1EA9333F0067D424 /* PBXTargetDependency */ = {
			isa = PBXTargetDependency;
			name = BoringSSL;
		};
		D31F111E1EA9333F0067D424 /* PBXTargetDependency */ = {
			isa = PBXTargetDependency;
			name = gRPC;
		};
		D394EF221F58DB9800E99633 /* PBXTargetDependency */ = {
			isa = PBXTargetDependency;
			name = CgRPC;
		};
		D394EF241F58DB9800E99633 /* PBXTargetDependency */ = {
			isa = PBXTargetDependency;
			name = BoringSSL;
		};
		D394EF261F58DB9800E99633 /* PBXTargetDependency */ = {
			isa = PBXTargetDependency;
			name = gRPC;
		};
		D3E1EA7D1EE8B0070024A93A /* PBXTargetDependency */ = {
			isa = PBXTargetDependency;
			name = gRPC;
		};
		D3E1EA7F1EE8B00C0024A93A /* PBXTargetDependency */ = {
			isa = PBXTargetDependency;
			name = CgRPC;
		};
		D3E1EA831EE8B0120024A93A /* PBXTargetDependency */ = {
			isa = PBXTargetDependency;
			name = BoringSSL;
		};
/* End PBXTargetDependency section */

/* Begin PBXVariantGroup section */
		D30D735E1D565E4400F90CCB /* Document.xib */ = {
			isa = PBXVariantGroup;
			children = (
				D30D735F1D565E4400F90CCB /* Base */,
			);
			name = Document.xib;
			sourceTree = "<group>";
		};
		D30D73631D565E4400F90CCB /* MainMenu.xib */ = {
			isa = PBXVariantGroup;
			children = (
				D30D73641D565E4400F90CCB /* Base */,
			);
			name = MainMenu.xib;
			sourceTree = "<group>";
		};
/* End PBXVariantGroup section */

/* Begin XCBuildConfiguration section */
		D30D73671D565E4400F90CCB /* Debug */ = {
			isa = XCBuildConfiguration;
			buildSettings = {
				ALWAYS_SEARCH_USER_PATHS = NO;
				CLANG_ANALYZER_NONNULL = YES;
				CLANG_CXX_LANGUAGE_STANDARD = "gnu++0x";
				CLANG_CXX_LIBRARY = "libc++";
				CLANG_ENABLE_MODULES = YES;
				CLANG_ENABLE_OBJC_ARC = YES;
				CLANG_WARN_BOOL_CONVERSION = YES;
				CLANG_WARN_CONSTANT_CONVERSION = YES;
				CLANG_WARN_DIRECT_OBJC_ISA_USAGE = YES_ERROR;
				CLANG_WARN_DOCUMENTATION_COMMENTS = YES;
				CLANG_WARN_EMPTY_BODY = YES;
				CLANG_WARN_ENUM_CONVERSION = YES;
				CLANG_WARN_INT_CONVERSION = YES;
				CLANG_WARN_OBJC_ROOT_CLASS = YES_ERROR;
				CLANG_WARN_UNREACHABLE_CODE = YES;
				CLANG_WARN__DUPLICATE_METHOD_MATCH = YES;
				CODE_SIGN_IDENTITY = "-";
				COPY_PHASE_STRIP = NO;
				DEBUG_INFORMATION_FORMAT = dwarf;
				ENABLE_STRICT_OBJC_MSGSEND = YES;
				ENABLE_TESTABILITY = YES;
				GCC_C_LANGUAGE_STANDARD = gnu99;
				GCC_DYNAMIC_NO_PIC = NO;
				GCC_NO_COMMON_BLOCKS = YES;
				GCC_OPTIMIZATION_LEVEL = 0;
				GCC_PREPROCESSOR_DEFINITIONS = (
					"DEBUG=1",
					"$(inherited)",
				);
				GCC_WARN_64_TO_32_BIT_CONVERSION = YES;
				GCC_WARN_ABOUT_RETURN_TYPE = YES_ERROR;
				GCC_WARN_UNDECLARED_SELECTOR = YES;
				GCC_WARN_UNINITIALIZED_AUTOS = YES_AGGRESSIVE;
				GCC_WARN_UNUSED_FUNCTION = YES;
				GCC_WARN_UNUSED_VARIABLE = YES;
				HEADER_SEARCH_PATHS = ../../../Sources/CgRPC/include;
				MACOSX_DEPLOYMENT_TARGET = 10.11;
				MTL_ENABLE_DEBUG_INFO = YES;
				ONLY_ACTIVE_ARCH = YES;
				SDKROOT = macosx;
				SWIFT_ACTIVE_COMPILATION_CONDITIONS = DEBUG;
				SWIFT_OPTIMIZATION_LEVEL = "-Onone";
			};
			name = Debug;
		};
		D30D73681D565E4400F90CCB /* Release */ = {
			isa = XCBuildConfiguration;
			buildSettings = {
				ALWAYS_SEARCH_USER_PATHS = NO;
				CLANG_ANALYZER_NONNULL = YES;
				CLANG_CXX_LANGUAGE_STANDARD = "gnu++0x";
				CLANG_CXX_LIBRARY = "libc++";
				CLANG_ENABLE_MODULES = YES;
				CLANG_ENABLE_OBJC_ARC = YES;
				CLANG_WARN_BOOL_CONVERSION = YES;
				CLANG_WARN_CONSTANT_CONVERSION = YES;
				CLANG_WARN_DIRECT_OBJC_ISA_USAGE = YES_ERROR;
				CLANG_WARN_DOCUMENTATION_COMMENTS = YES;
				CLANG_WARN_EMPTY_BODY = YES;
				CLANG_WARN_ENUM_CONVERSION = YES;
				CLANG_WARN_INT_CONVERSION = YES;
				CLANG_WARN_OBJC_ROOT_CLASS = YES_ERROR;
				CLANG_WARN_UNREACHABLE_CODE = YES;
				CLANG_WARN__DUPLICATE_METHOD_MATCH = YES;
				CODE_SIGN_IDENTITY = "-";
				COPY_PHASE_STRIP = NO;
				DEBUG_INFORMATION_FORMAT = "dwarf-with-dsym";
				ENABLE_NS_ASSERTIONS = NO;
				ENABLE_STRICT_OBJC_MSGSEND = YES;
				GCC_C_LANGUAGE_STANDARD = gnu99;
				GCC_NO_COMMON_BLOCKS = YES;
				GCC_WARN_64_TO_32_BIT_CONVERSION = YES;
				GCC_WARN_ABOUT_RETURN_TYPE = YES_ERROR;
				GCC_WARN_UNDECLARED_SELECTOR = YES;
				GCC_WARN_UNINITIALIZED_AUTOS = YES_AGGRESSIVE;
				GCC_WARN_UNUSED_FUNCTION = YES;
				GCC_WARN_UNUSED_VARIABLE = YES;
				HEADER_SEARCH_PATHS = ../../../Sources/CgRPC/include;
				MACOSX_DEPLOYMENT_TARGET = 10.11;
				MTL_ENABLE_DEBUG_INFO = NO;
				SDKROOT = macosx;
				SWIFT_OPTIMIZATION_LEVEL = "-Owholemodule";
			};
			name = Release;
		};
		D30D736A1D565E4400F90CCB /* Debug */ = {
			isa = XCBuildConfiguration;
			baseConfigurationReference = 92FB91401821C52F1D137A51 /* Pods-Simple.debug.xcconfig */;
			buildSettings = {
				ASSETCATALOG_COMPILER_APPICON_NAME = AppIcon;
				COMBINE_HIDPI_IMAGES = YES;
				INFOPLIST_FILE = Simple/Info.plist;
				LD_RUNPATH_SEARCH_PATHS = "$(inherited) @executable_path/../Frameworks";
				PRODUCT_BUNDLE_IDENTIFIER = com.google.Simple;
				PRODUCT_NAME = "$(TARGET_NAME)";
				SWIFT_VERSION = 3.0;
			};
			name = Debug;
		};
		D30D736B1D565E4400F90CCB /* Release */ = {
			isa = XCBuildConfiguration;
			baseConfigurationReference = 82FBE46939E735B1F797924F /* Pods-Simple.release.xcconfig */;
			buildSettings = {
				ASSETCATALOG_COMPILER_APPICON_NAME = AppIcon;
				COMBINE_HIDPI_IMAGES = YES;
				INFOPLIST_FILE = Simple/Info.plist;
				LD_RUNPATH_SEARCH_PATHS = "$(inherited) @executable_path/../Frameworks";
				PRODUCT_BUNDLE_IDENTIFIER = com.google.Simple;
				PRODUCT_NAME = "$(TARGET_NAME)";
				SWIFT_VERSION = 3.0;
			};
			name = Release;
		};
/* End XCBuildConfiguration section */

/* Begin XCConfigurationList section */
		D30D73521D565E4400F90CCB /* Build configuration list for PBXProject "Simple" */ = {
			isa = XCConfigurationList;
			buildConfigurations = (
				D30D73671D565E4400F90CCB /* Debug */,
				D30D73681D565E4400F90CCB /* Release */,
			);
			defaultConfigurationIsVisible = 0;
			defaultConfigurationName = Release;
		};
		D30D73691D565E4400F90CCB /* Build configuration list for PBXNativeTarget "Simple" */ = {
			isa = XCConfigurationList;
			buildConfigurations = (
				D30D736A1D565E4400F90CCB /* Debug */,
				D30D736B1D565E4400F90CCB /* Release */,
			);
			defaultConfigurationIsVisible = 0;
			defaultConfigurationName = Release;
		};
/* End XCConfigurationList section */
	};
	rootObject = D30D734F1D565E4400F90CCB /* Project object */;
}
